{
  "nodes": {
    "home-manager": {
      "inputs": {
        "nixpkgs": [
          "nixpkgs"
        ]
      },
      "locked": {
        "lastModified": 1686305101,
        "narHash": "sha256-xCgeI+uTKay3Ab3tMdP9m9flIJbFkRMKwRAmg5PQhJQ=",
        "owner": "nix-community",
        "repo": "home-manager",
        "rev": "1e5d741ea3f3290d7ac06a02ded24bfdc7aadb37",
        "type": "github"
      },
      "original": {
        "owner": "nix-community",
        "repo": "home-manager",
        "type": "github"
      }
    },
    "nix-index-database": {
      "inputs": {
        "nixpkgs": [
          "nixpkgs"
        ]
      },
      "locked": {
        "lastModified": 1685764721,
        "narHash": "sha256-CIy1iwQTEKfZRrid4gBLA+r/LPGA9IUFo0lKJVyECGI=",
        "owner": "Mic92",
        "repo": "nix-index-database",
        "rev": "669ca1f2e2bc401abab6b837ae9c51503edc9b49",
        "type": "github"
      },
      "original": {
        "owner": "Mic92",
        "repo": "nix-index-database",
        "type": "github"
      }
    },
    "nixpkgs": {
      "locked": {
        "lastModified": 1686226982,
        "narHash": "sha256-nLuiPoeiVfqqzeq9rmXxpybh77VS37dsY/k8N2LoxVg=",
        "owner": "nixos",
        "repo": "nixpkgs",
        "rev": "a64b73e07d4aa65cfcbda29ecf78eaf9e72e44bd",
        "type": "github"
      },
      "original": {
        "owner": "nixos",
        "ref": "nixos-unstable",
        "repo": "nixpkgs",
        "type": "github"
      }
    },
    "root": {
      "inputs": {
        "home-manager": "home-manager",
        "nix-index-database": "nix-index-database",
        "nixpkgs": "nixpkgs"
      }
    }
  },
  "root": "root",
  "version": 7
}
